
Microsoft Visual Studio Solution File, Format Version 12.00
# Visual Studio Version 16
VisualStudioVersion = 16.0.31424.327
MinimumVisualStudioVersion = 10.0.40219.1
Project("{FAE04EC0-301F-11D3-BF4B-00C04F79EFBC}") = "system prog cons token", "system prog cons token\system prog cons token.csproj", "{588C057F-7E41-415D-AC7F-64A1FFDC90DD}"
EndProject
Global
	GlobalSection(SolutionConfigurationPlatforms) = preSolution
		Debug|Any CPU = Debug|Any CPU
		Release|Any CPU = Release|Any CPU
	EndGlobalSection
	GlobalSection(ProjectConfigurationPlatforms) = postSolution
		{588C057F-7E41-415D-AC7F-64A1FFDC90DD}.Debug|Any CPU.ActiveCfg = Debug|Any CPU
		{588C057F-7E41-415D-AC7F-64A1FFDC90DD}.Debug|Any CPU.Build.0 = Debug|Any CPU
		{588C057F-7E41-415D-AC7F-64A1FFDC90DD}.Release|Any CPU.ActiveCfg = Release|Any CPU
		{588C057F-7E41-415D-AC7F-64A1FFDC90DD}.Release|Any CPU.Build.0 = Release|Any CPU
	EndGlobalSection
	GlobalSection(SolutionProperties) = preSolution
		HideSolutionNode = FALSE
	EndGlobalSection
	GlobalSection(ExtensibilityGlobals) = postSolution
		SolutionGuid = {EE6558BA-351D-4BCB-8101-15B82A162581}
	EndGlobalSection
EndGlobal
